
Microsoft Visual Studio Solution File, Format Version 12.00
# Visual Studio Version 16
VisualStudioVersion = 16.0.30523.141
MinimumVisualStudioVersion = 10.0.40219.1
Project("{9A19103F-16F7-4668-BE54-9A1E7A4F7556}") = "BestelPaginaWokPlaza", "BestelPaginaWokPlaza\BestelPaginaWokPlaza.csproj", "{57E3943F-A3D9-421C-ABB1-6068AD595CDA}"
EndProject
Project("{9A19103F-16F7-4668-BE54-9A1E7A4F7556}") = "Logic", "Logic\Logic.csproj", "{3FCCD580-EB61-4785-A520-99209156ECB9}"
EndProject
Project("{9A19103F-16F7-4668-BE54-9A1E7A4F7556}") = "DAL", "DAL\DAL.csproj", "{7C76FA54-DA7E-4722-9603-79CF90058817}"
EndProject
Project("{FAE04EC0-301F-11D3-BF4B-00C04F79EFBC}") = "Interface", "Interface\Interface.csproj", "{221746A3-0B1D-44EC-B7DC-21581776D4EB}"
EndProject
Project("{FAE04EC0-301F-11D3-BF4B-00C04F79EFBC}") = "Factory", "Factory\Factory.csproj", "{E1948F0D-52B1-4572-B454-909BF137EBB6}"
EndProject
Global
	GlobalSection(SolutionConfigurationPlatforms) = preSolution
		Debug|Any CPU = Debug|Any CPU
		Release|Any CPU = Release|Any CPU
	EndGlobalSection
	GlobalSection(ProjectConfigurationPlatforms) = postSolution
		{57E3943F-A3D9-421C-ABB1-6068AD595CDA}.Debug|Any CPU.ActiveCfg = Debug|Any CPU
		{57E3943F-A3D9-421C-ABB1-6068AD595CDA}.Debug|Any CPU.Build.0 = Debug|Any CPU
		{57E3943F-A3D9-421C-ABB1-6068AD595CDA}.Release|Any CPU.ActiveCfg = Release|Any CPU
		{57E3943F-A3D9-421C-ABB1-6068AD595CDA}.Release|Any CPU.Build.0 = Release|Any CPU
		{3FCCD580-EB61-4785-A520-99209156ECB9}.Debug|Any CPU.ActiveCfg = Debug|Any CPU
		{3FCCD580-EB61-4785-A520-99209156ECB9}.Debug|Any CPU.Build.0 = Debug|Any CPU
		{3FCCD580-EB61-4785-A520-99209156ECB9}.Release|Any CPU.ActiveCfg = Release|Any CPU
		{3FCCD580-EB61-4785-A520-99209156ECB9}.Release|Any CPU.Build.0 = Release|Any CPU
		{7C76FA54-DA7E-4722-9603-79CF90058817}.Debug|Any CPU.ActiveCfg = Debug|Any CPU
		{7C76FA54-DA7E-4722-9603-79CF90058817}.Debug|Any CPU.Build.0 = Debug|Any CPU
		{7C76FA54-DA7E-4722-9603-79CF90058817}.Release|Any CPU.ActiveCfg = Release|Any CPU
		{7C76FA54-DA7E-4722-9603-79CF90058817}.Release|Any CPU.Build.0 = Release|Any CPU
		{221746A3-0B1D-44EC-B7DC-21581776D4EB}.Debug|Any CPU.ActiveCfg = Debug|Any CPU
		{221746A3-0B1D-44EC-B7DC-21581776D4EB}.Debug|Any CPU.Build.0 = Debug|Any CPU
		{221746A3-0B1D-44EC-B7DC-21581776D4EB}.Release|Any CPU.ActiveCfg = Release|Any CPU
		{221746A3-0B1D-44EC-B7DC-21581776D4EB}.Release|Any CPU.Build.0 = Release|Any CPU
		{E1948F0D-52B1-4572-B454-909BF137EBB6}.Debug|Any CPU.ActiveCfg = Debug|Any CPU
		{E1948F0D-52B1-4572-B454-909BF137EBB6}.Debug|Any CPU.Build.0 = Debug|Any CPU
		{E1948F0D-52B1-4572-B454-909BF137EBB6}.Release|Any CPU.ActiveCfg = Release|Any CPU
		{E1948F0D-52B1-4572-B454-909BF137EBB6}.Release|Any CPU.Build.0 = Release|Any CPU
	EndGlobalSection
	GlobalSection(SolutionProperties) = preSolution
		HideSolutionNode = FALSE
	EndGlobalSection
	GlobalSection(ExtensibilityGlobals) = postSolution
		SolutionGuid = {2EF165D5-C3E7-48C5-B344-F1735520457F}
	EndGlobalSection
EndGlobal
